
Microsoft Visual Studio Solution File, Format Version 12.00
# Visual Studio Version 16
VisualStudioVersion = 16.0.29509.3
MinimumVisualStudioVersion = 10.0.40219.1
Project("{FAE04EC0-301F-11D3-BF4B-00C04F79EFBC}") = "MQTTClient", "MQTTClient\MQTTClient.csproj", "{B5AAD6C5-B584-4096-B24F-D3E64CD2E126}"
EndProject
Global
	GlobalSection(SolutionConfigurationPlatforms) = preSolution
		Debug|Any CPU = Debug|Any CPU
		Release|Any CPU = Release|Any CPU
	EndGlobalSection
	GlobalSection(ProjectConfigurationPlatforms) = postSolution
		{B5AAD6C5-B584-4096-B24F-D3E64CD2E126}.Debug|Any CPU.ActiveCfg = Debug|Any CPU
		{B5AAD6C5-B584-4096-B24F-D3E64CD2E126}.Debug|Any CPU.Build.0 = Debug|Any CPU
		{B5AAD6C5-B584-4096-B24F-D3E64CD2E126}.Release|Any CPU.ActiveCfg = Release|Any CPU
		{B5AAD6C5-B584-4096-B24F-D3E64CD2E126}.Release|Any CPU.Build.0 = Release|Any CPU
	EndGlobalSection
	GlobalSection(SolutionProperties) = preSolution
		HideSolutionNode = FALSE
	EndGlobalSection
	GlobalSection(ExtensibilityGlobals) = postSolution
		SolutionGuid = {2F1B8DB3-3FE8-4FC0-BCDD-3304FF7FB8C0}
	EndGlobalSection
EndGlobal
